
Microsoft Visual Studio Solution File, Format Version 12.00
# Visual Studio Version 17
VisualStudioVersion = 17.1.32414.318
MinimumVisualStudioVersion = 10.0.40219.1
Project("{FAE04EC0-301F-11D3-BF4B-00C04F79EFBC}") = "MvcMovie", "MvcMovie\MvcMovie.csproj", "{75669369-E95C-40AB-BDF8-5060C9D5A6F5}"
EndProject
Global
	GlobalSection(SolutionConfigurationPlatforms) = preSolution
		Debug|Any CPU = Debug|Any CPU
		Release|Any CPU = Release|Any CPU
	EndGlobalSection
	GlobalSection(ProjectConfigurationPlatforms) = postSolution
		{75669369-E95C-40AB-BDF8-5060C9D5A6F5}.Debug|Any CPU.ActiveCfg = Debug|Any CPU
		{75669369-E95C-40AB-BDF8-5060C9D5A6F5}.Debug|Any CPU.Build.0 = Debug|Any CPU
		{75669369-E95C-40AB-BDF8-5060C9D5A6F5}.Release|Any CPU.ActiveCfg = Release|Any CPU
		{75669369-E95C-40AB-BDF8-5060C9D5A6F5}.Release|Any CPU.Build.0 = Release|Any CPU
	EndGlobalSection
	GlobalSection(SolutionProperties) = preSolution
		HideSolutionNode = FALSE
	EndGlobalSection
	GlobalSection(ExtensibilityGlobals) = postSolution
		SolutionGuid = {72DFD0FA-86E8-4748-A665-256ECB610967}
	EndGlobalSection
EndGlobal
